
Microsoft Visual Studio Solution File, Format Version 12.00
# Visual Studio Version 16
VisualStudioVersion = 16.0.29306.81
MinimumVisualStudioVersion = 10.0.40219.1
Project("{FAE04EC0-301F-11D3-BF4B-00C04F79EFBC}") = "SmartExportTemplates", "SmartExportTemplates.csproj", "{241C94A7-A0C0-4C05-8563-01A1196AB9F9}"
EndProject
Global
	GlobalSection(SolutionConfigurationPlatforms) = preSolution
		Debug|Any CPU = Debug|Any CPU
		Release|Any CPU = Release|Any CPU
	EndGlobalSection
	GlobalSection(ProjectConfigurationPlatforms) = postSolution
		{241C94A7-A0C0-4C05-8563-01A1196AB9F9}.Debug|Any CPU.ActiveCfg = Debug|Any CPU
		{241C94A7-A0C0-4C05-8563-01A1196AB9F9}.Debug|Any CPU.Build.0 = Debug|Any CPU
		{241C94A7-A0C0-4C05-8563-01A1196AB9F9}.Release|Any CPU.ActiveCfg = Release|Any CPU
		{241C94A7-A0C0-4C05-8563-01A1196AB9F9}.Release|Any CPU.Build.0 = Release|Any CPU
	EndGlobalSection
	GlobalSection(SolutionProperties) = preSolution
		HideSolutionNode = FALSE
	EndGlobalSection
	GlobalSection(ExtensibilityGlobals) = postSolution
		SolutionGuid = {2FA640B1-FB0C-4C70-A588-B612DBA984E6}
	EndGlobalSection
EndGlobal
